{
  "originHash" : "9b4a12e299f96195693f45b1f701708ee8ca0f56de21436dc7b0755ca660b398",
  "pins" : [
    {
      "identity" : "nuke",
      "kind" : "remoteSourceControl",
      "location" : "https://github.com/kean/Nuke",
      "state" : {
        "revision" : "83e19143355b02e9261edb2323b3e1e93287ebb9",
        "version" : "12.9.0"
      }
    },
    {
      "identity" : "stream-chat-swift",
      "kind" : "remoteSourceControl",
      "location" : "https://github.com/getstream/stream-chat-swift",
      "state" : {
        "revision" : "68134ad7c05ec92f41deab031fff700870587a1d",
        "version" : "5.0.0-beta"
      }
    },
    {
      "identity" : "stream-core-swift",
      "kind" : "remoteSourceControl",
      "location" : "https://github.com/GetStream/stream-core-swift.git",
      "state" : {
        "revision" : "61c57f0c18a9bfa440f19b9222029fb9c4c15dcf",
        "version" : "0.6.2"
      }
    }
  ],
  "version" : 3
}
